// !$*UTF8*$!
{
	archiveVersion = 1;
	classes = {
	};
	objectVersion = 51;
	objects = {

/* Begin PBXBuildFile section */
		1AC6CAF3011B1D5BA5204D25 /* Pods_CashAppStocksTests.framework in Frameworks */ = {isa = PBXBuildFile; fileRef = 1E3F5603FF8532D9C339AC9F /* Pods_CashAppStocksTests.framework */; };
		1BBCB4B6C0D8F8BFCC6CE58D /* Pods_StocksDomainModule.framework in Frameworks */ = {isa = PBXBuildFile; fileRef = 21784F8D8A5D0466DBA5DBB5 /* Pods_StocksDomainModule.framework */; };
		30351A91217E4E1E40491522 /* Pods_CashAppStocks.framework in Frameworks */ = {isa = PBXBuildFile; fileRef = 9717348B3FE938C13060A89E /* Pods_CashAppStocks.framework */; };
		6187404A263CCBF000B9CDF0 /* AppDelegate.swift in Sources */ = {isa = PBXBuildFile; fileRef = 61874049263CCBF000B9CDF0 /* AppDelegate.swift */; };
		6187404C263CCBF000B9CDF0 /* SceneDelegate.swift in Sources */ = {isa = PBXBuildFile; fileRef = 6187404B263CCBF000B9CDF0 /* SceneDelegate.swift */; };
		6187404E263CCBF000B9CDF0 /* ViewController.swift in Sources */ = {isa = PBXBuildFile; fileRef = 6187404D263CCBF000B9CDF0 /* ViewController.swift */; };
		61874051263CCBF000B9CDF0 /* Main.storyboard in Resources */ = {isa = PBXBuildFile; fileRef = 6187404F263CCBF000B9CDF0 /* Main.storyboard */; };
		61874053263CCC0500B9CDF0 /* Assets.xcassets in Resources */ = {isa = PBXBuildFile; fileRef = 61874052263CCC0500B9CDF0 /* Assets.xcassets */; };
		61874056263CCC0500B9CDF0 /* LaunchScreen.storyboard in Resources */ = {isa = PBXBuildFile; fileRef = 61874054263CCC0500B9CDF0 /* LaunchScreen.storyboard */; };
		61874061263CCC0500B9CDF0 /* CashAppStocksTests.swift in Sources */ = {isa = PBXBuildFile; fileRef = 61874060263CCC0500B9CDF0 /* CashAppStocksTests.swift */; };
		6187409C263CD5A900B9CDF0 /* Stock.swift in Sources */ = {isa = PBXBuildFile; fileRef = 6187409B263CD5A900B9CDF0 /* Stock.swift */; };
		6187409D263CD5A900B9CDF0 /* Stock.swift in Sources */ = {isa = PBXBuildFile; fileRef = 6187409B263CD5A900B9CDF0 /* Stock.swift */; };
		6187409E263CD5A900B9CDF0 /* Stock.swift in Sources */ = {isa = PBXBuildFile; fileRef = 6187409B263CD5A900B9CDF0 /* Stock.swift */; };
		618740AE263CD62A00B9CDF0 /* StockUseCase.swift in Sources */ = {isa = PBXBuildFile; fileRef = 618740AD263CD62A00B9CDF0 /* StockUseCase.swift */; };
		618740AF263CD62A00B9CDF0 /* StockUseCase.swift in Sources */ = {isa = PBXBuildFile; fileRef = 618740AD263CD62A00B9CDF0 /* StockUseCase.swift */; };
		618740B0263CD62A00B9CDF0 /* StockUseCase.swift in Sources */ = {isa = PBXBuildFile; fileRef = 618740AD263CD62A00B9CDF0 /* StockUseCase.swift */; };
		618740DA263CD92E00B9CDF0 /* StockRepository.swift in Sources */ = {isa = PBXBuildFile; fileRef = 618740D9263CD92E00B9CDF0 /* StockRepository.swift */; };
		618740F5263CDE7500B9CDF0 /* DataStockRepository.swift in Sources */ = {isa = PBXBuildFile; fileRef = 618740F4263CDE7500B9CDF0 /* DataStockRepository.swift */; };
		61874104263CE06100B9CDF0 /* APIClient.swift in Sources */ = {isa = PBXBuildFile; fileRef = 61874103263CE06100B9CDF0 /* APIClient.swift */; };
		6187410C263CE96A00B9CDF0 /* RemoteDataSource.swift in Sources */ = {isa = PBXBuildFile; fileRef = 6187410B263CE96A00B9CDF0 /* RemoteDataSource.swift */; };
		6187411F263CEA8A00B9CDF0 /* APIEndpoint.swift in Sources */ = {isa = PBXBuildFile; fileRef = 6187411E263CEA8A00B9CDF0 /* APIEndpoint.swift */; };
		61874125263CEB8300B9CDF0 /* StockRepository.swift in Sources */ = {isa = PBXBuildFile; fileRef = 618740D9263CD92E00B9CDF0 /* StockRepository.swift */; };
		6187412B263CEB8700B9CDF0 /* StockRepository.swift in Sources */ = {isa = PBXBuildFile; fileRef = 618740D9263CD92E00B9CDF0 /* StockRepository.swift */; };
		61874132263CEC6500B9CDF0 /* URL+Stocks.swift in Sources */ = {isa = PBXBuildFile; fileRef = 61874131263CEC6500B9CDF0 /* URL+Stocks.swift */; };
		61874146263CEF2500B9CDF0 /* DataStockRepository.swift in Sources */ = {isa = PBXBuildFile; fileRef = 618740F4263CDE7500B9CDF0 /* DataStockRepository.swift */; };
		61874176263CF3F400B9CDF0 /* RemoteDataSource.swift in Sources */ = {isa = PBXBuildFile; fileRef = 6187410B263CE96A00B9CDF0 /* RemoteDataSource.swift */; };
		61874196263CF6DF00B9CDF0 /* DataError.swift in Sources */ = {isa = PBXBuildFile; fileRef = 61874195263CF6DF00B9CDF0 /* DataError.swift */; };
		61874284263D023C00B9CDF0 /* CashAppStocksTests.swift in Sources */ = {isa = PBXBuildFile; fileRef = 61874060263CCC0500B9CDF0 /* CashAppStocksTests.swift */; };
		6187428B263D025500B9CDF0 /* Stock.swift in Sources */ = {isa = PBXBuildFile; fileRef = 6187409B263CD5A900B9CDF0 /* Stock.swift */; };
		618742A2263D038200B9CDF0 /* CashAppStocksTests.swift in Sources */ = {isa = PBXBuildFile; fileRef = 61874060263CCC0500B9CDF0 /* CashAppStocksTests.swift */; };
		6187430C263D071F00B9CDF0 /* libStocksDataModule.a in Frameworks */ = {isa = PBXBuildFile; fileRef = 61874080263CD4B300B9CDF0 /* libStocksDataModule.a */; };
		61874315263D07A500B9CDF0 /* StocksViewModel.swift in Sources */ = {isa = PBXBuildFile; fileRef = 61874314263D07A500B9CDF0 /* StocksViewModel.swift */; };
		6187431F263D083800B9CDF0 /* UIState.swift in Sources */ = {isa = PBXBuildFile; fileRef = 6187431E263D083800B9CDF0 /* UIState.swift */; };
		61874325263D088700B9CDF0 /* ViewModel.swift in Sources */ = {isa = PBXBuildFile; fileRef = 61874324263D088700B9CDF0 /* ViewModel.swift */; };
		6187434E263D137200B9CDF0 /* libStocksDataModule.a in Frameworks */ = {isa = PBXBuildFile; fileRef = 61874080263CD4B300B9CDF0 /* libStocksDataModule.a */; };
		618743E8263D18BE00B9CDF0 /* DataStockRepository.swift in Sources */ = {isa = PBXBuildFile; fileRef = 618740F4263CDE7500B9CDF0 /* DataStockRepository.swift */; };
		789F480392EBDE928887A21E /* Pods_StocksDataModule.framework in Frameworks */ = {isa = PBXBuildFile; fileRef = 71395CE90CC6C46E7EA86F95 /* Pods_StocksDataModule.framework */; };
/* End PBXBuildFile section */

/* Begin PBXContainerItemProxy section */
		6187405D263CCC0500B9CDF0 /* PBXContainerItemProxy */ = {
			isa = PBXContainerItemProxy;
			containerPortal = 6187403E263CCBF000B9CDF0 /* Project object */;
			proxyType = 1;
			remoteGlobalIDString = 61874045263CCBF000B9CDF0;
			remoteInfo = CashAppStocks;
		};
/* End PBXContainerItemProxy section */

/* Begin PBXCopyFilesBuildPhase section */
		6187407E263CD4B300B9CDF0 /* CopyFiles */ = {
			isa = PBXCopyFilesBuildPhase;
			buildActionMask = 2147483647;
			dstPath = "include/$(PRODUCT_NAME)";
			dstSubfolderSpec = 16;
			files = (
			);
			runOnlyForDeploymentPostprocessing = 0;
		};
		6187408D263CD4E800B9CDF0 /* CopyFiles */ = {
			isa = PBXCopyFilesBuildPhase;
			buildActionMask = 2147483647;
			dstPath = "include/$(PRODUCT_NAME)";
			dstSubfolderSpec = 16;
			files = (
			);
			runOnlyForDeploymentPostprocessing = 0;
		};
/* End PBXCopyFilesBuildPhase section */

/* Begin PBXFileReference section */
		14F7E8C13A7B9B789B6FE570 /* Pods-CashAppStocks.debug.xcconfig */ = {isa = PBXFileReference; includeInIndex = 1; lastKnownFileType = text.xcconfig; name = "Pods-CashAppStocks.debug.xcconfig"; path = "Target Support Files/Pods-CashAppStocks/Pods-CashAppStocks.debug.xcconfig"; sourceTree = "<group>"; };
		1E3F5603FF8532D9C339AC9F /* Pods_CashAppStocksTests.framework */ = {isa = PBXFileReference; explicitFileType = wrapper.framework; includeInIndex = 0; path = Pods_CashAppStocksTests.framework; sourceTree = BUILT_PRODUCTS_DIR; };
		21784F8D8A5D0466DBA5DBB5 /* Pods_StocksDomainModule.framework */ = {isa = PBXFileReference; explicitFileType = wrapper.framework; includeInIndex = 0; path = Pods_StocksDomainModule.framework; sourceTree = BUILT_PRODUCTS_DIR; };
		2EDB30EAD9D6DFF264EA0C2B /* Pods-StocksDataModule.release.xcconfig */ = {isa = PBXFileReference; includeInIndex = 1; lastKnownFileType = text.xcconfig; name = "Pods-StocksDataModule.release.xcconfig"; path = "Target Support Files/Pods-StocksDataModule/Pods-StocksDataModule.release.xcconfig"; sourceTree = "<group>"; };
		395D809AC7694CA281D52C65 /* Pods-StocksDataModule.debug.xcconfig */ = {isa = PBXFileReference; includeInIndex = 1; lastKnownFileType = text.xcconfig; name = "Pods-StocksDataModule.debug.xcconfig"; path = "Target Support Files/Pods-StocksDataModule/Pods-StocksDataModule.debug.xcconfig"; sourceTree = "<group>"; };
		5B76CD322A6D5F20BC972373 /* Pods-CashAppStocksTests.release.xcconfig */ = {isa = PBXFileReference; includeInIndex = 1; lastKnownFileType = text.xcconfig; name = "Pods-CashAppStocksTests.release.xcconfig"; path = "Target Support Files/Pods-CashAppStocksTests/Pods-CashAppStocksTests.release.xcconfig"; sourceTree = "<group>"; };
		61874046263CCBF000B9CDF0 /* CashAppStocks.app */ = {isa = PBXFileReference; explicitFileType = wrapper.application; includeInIndex = 0; path = CashAppStocks.app; sourceTree = BUILT_PRODUCTS_DIR; };
		61874049263CCBF000B9CDF0 /* AppDelegate.swift */ = {isa = PBXFileReference; lastKnownFileType = sourcecode.swift; path = AppDelegate.swift; sourceTree = "<group>"; };
		6187404B263CCBF000B9CDF0 /* SceneDelegate.swift */ = {isa = PBXFileReference; lastKnownFileType = sourcecode.swift; path = SceneDelegate.swift; sourceTree = "<group>"; };
		6187404D263CCBF000B9CDF0 /* ViewController.swift */ = {isa = PBXFileReference; lastKnownFileType = sourcecode.swift; path = ViewController.swift; sourceTree = "<group>"; };
		61874050263CCBF000B9CDF0 /* Base */ = {isa = PBXFileReference; lastKnownFileType = file.storyboard; name = Base; path = Base.lproj/Main.storyboard; sourceTree = "<group>"; };
		61874052263CCC0500B9CDF0 /* Assets.xcassets */ = {isa = PBXFileReference; lastKnownFileType = folder.assetcatalog; path = Assets.xcassets; sourceTree = "<group>"; };
		61874055263CCC0500B9CDF0 /* Base */ = {isa = PBXFileReference; lastKnownFileType = file.storyboard; name = Base; path = Base.lproj/LaunchScreen.storyboard; sourceTree = "<group>"; };
		61874057263CCC0500B9CDF0 /* Info.plist */ = {isa = PBXFileReference; lastKnownFileType = text.plist.xml; path = Info.plist; sourceTree = "<group>"; };
		6187405C263CCC0500B9CDF0 /* CashAppStocksTests.xctest */ = {isa = PBXFileReference; explicitFileType = wrapper.cfbundle; includeInIndex = 0; path = CashAppStocksTests.xctest; sourceTree = BUILT_PRODUCTS_DIR; };
		61874060263CCC0500B9CDF0 /* CashAppStocksTests.swift */ = {isa = PBXFileReference; lastKnownFileType = sourcecode.swift; path = CashAppStocksTests.swift; sourceTree = "<group>"; };
		61874062263CCC0500B9CDF0 /* Info.plist */ = {isa = PBXFileReference; lastKnownFileType = text.plist.xml; path = Info.plist; sourceTree = "<group>"; };
		61874080263CD4B300B9CDF0 /* libStocksDataModule.a */ = {isa = PBXFileReference; explicitFileType = archive.ar; includeInIndex = 0; path = libStocksDataModule.a; sourceTree = BUILT_PRODUCTS_DIR; };
		6187408F263CD4E800B9CDF0 /* libStocksDomainModule.a */ = {isa = PBXFileReference; explicitFileType = archive.ar; includeInIndex = 0; path = libStocksDomainModule.a; sourceTree = BUILT_PRODUCTS_DIR; };
		6187409B263CD5A900B9CDF0 /* Stock.swift */ = {isa = PBXFileReference; lastKnownFileType = sourcecode.swift; path = Stock.swift; sourceTree = "<group>"; };
		618740AD263CD62A00B9CDF0 /* StockUseCase.swift */ = {isa = PBXFileReference; lastKnownFileType = sourcecode.swift; path = StockUseCase.swift; sourceTree = "<group>"; };
		618740D9263CD92E00B9CDF0 /* StockRepository.swift */ = {isa = PBXFileReference; lastKnownFileType = sourcecode.swift; path = StockRepository.swift; sourceTree = "<group>"; };
		618740F4263CDE7500B9CDF0 /* DataStockRepository.swift */ = {isa = PBXFileReference; lastKnownFileType = sourcecode.swift; path = DataStockRepository.swift; sourceTree = "<group>"; };
		61874103263CE06100B9CDF0 /* APIClient.swift */ = {isa = PBXFileReference; lastKnownFileType = sourcecode.swift; path = APIClient.swift; sourceTree = "<group>"; };
		6187410B263CE96A00B9CDF0 /* RemoteDataSource.swift */ = {isa = PBXFileReference; lastKnownFileType = sourcecode.swift; path = RemoteDataSource.swift; sourceTree = "<group>"; };
		6187411E263CEA8A00B9CDF0 /* APIEndpoint.swift */ = {isa = PBXFileReference; lastKnownFileType = sourcecode.swift; path = APIEndpoint.swift; sourceTree = "<group>"; };
		61874131263CEC6500B9CDF0 /* URL+Stocks.swift */ = {isa = PBXFileReference; lastKnownFileType = sourcecode.swift; path = "URL+Stocks.swift"; sourceTree = "<group>"; };
		61874195263CF6DF00B9CDF0 /* DataError.swift */ = {isa = PBXFileReference; lastKnownFileType = sourcecode.swift; path = DataError.swift; sourceTree = "<group>"; };
		61874314263D07A500B9CDF0 /* StocksViewModel.swift */ = {isa = PBXFileReference; lastKnownFileType = sourcecode.swift; path = StocksViewModel.swift; sourceTree = "<group>"; };
		6187431E263D083800B9CDF0 /* UIState.swift */ = {isa = PBXFileReference; lastKnownFileType = sourcecode.swift; path = UIState.swift; sourceTree = "<group>"; };
		61874324263D088700B9CDF0 /* ViewModel.swift */ = {isa = PBXFileReference; lastKnownFileType = sourcecode.swift; path = ViewModel.swift; sourceTree = "<group>"; };
		6715E11C51A4A77A2A459D56 /* Pods-StocksDomainModule.debug.xcconfig */ = {isa = PBXFileReference; includeInIndex = 1; lastKnownFileType = text.xcconfig; name = "Pods-StocksDomainModule.debug.xcconfig"; path = "Target Support Files/Pods-StocksDomainModule/Pods-StocksDomainModule.debug.xcconfig"; sourceTree = "<group>"; };
		71395CE90CC6C46E7EA86F95 /* Pods_StocksDataModule.framework */ = {isa = PBXFileReference; explicitFileType = wrapper.framework; includeInIndex = 0; path = Pods_StocksDataModule.framework; sourceTree = BUILT_PRODUCTS_DIR; };
		8D457DFC5461C866B5381990 /* Pods-DataTest.release.xcconfig */ = {isa = PBXFileReference; includeInIndex = 1; lastKnownFileType = text.xcconfig; name = "Pods-DataTest.release.xcconfig"; path = "Target Support Files/Pods-DataTest/Pods-DataTest.release.xcconfig"; sourceTree = "<group>"; };
		95B41AF3889E9E2163A925A3 /* Pods-DataTest.debug.xcconfig */ = {isa = PBXFileReference; includeInIndex = 1; lastKnownFileType = text.xcconfig; name = "Pods-DataTest.debug.xcconfig"; path = "Target Support Files/Pods-DataTest/Pods-DataTest.debug.xcconfig"; sourceTree = "<group>"; };
		9717348B3FE938C13060A89E /* Pods_CashAppStocks.framework */ = {isa = PBXFileReference; explicitFileType = wrapper.framework; includeInIndex = 0; path = Pods_CashAppStocks.framework; sourceTree = BUILT_PRODUCTS_DIR; };
		D337753561F1CA59C89068D8 /* Pods_DataTest.framework */ = {isa = PBXFileReference; explicitFileType = wrapper.framework; includeInIndex = 0; path = Pods_DataTest.framework; sourceTree = BUILT_PRODUCTS_DIR; };
		E037F32C0D9A8A4CC9B71472 /* Pods-CashAppStocksTests.debug.xcconfig */ = {isa = PBXFileReference; includeInIndex = 1; lastKnownFileType = text.xcconfig; name = "Pods-CashAppStocksTests.debug.xcconfig"; path = "Target Support Files/Pods-CashAppStocksTests/Pods-CashAppStocksTests.debug.xcconfig"; sourceTree = "<group>"; };
		F074D37A1D445ABA99AAB266 /* Pods-CashAppStocks.release.xcconfig */ = {isa = PBXFileReference; includeInIndex = 1; lastKnownFileType = text.xcconfig; name = "Pods-CashAppStocks.release.xcconfig"; path = "Target Support Files/Pods-CashAppStocks/Pods-CashAppStocks.release.xcconfig"; sourceTree = "<group>"; };
		F74B756EBD679E3F0F7593B9 /* Pods-StocksDomainModule.release.xcconfig */ = {isa = PBXFileReference; includeInIndex = 1; lastKnownFileType = text.xcconfig; name = "Pods-StocksDomainModule.release.xcconfig"; path = "Target Support Files/Pods-StocksDomainModule/Pods-StocksDomainModule.release.xcconfig"; sourceTree = "<group>"; };
/* End PBXFileReference section */

/* Begin PBXFrameworksBuildPhase section */
		61874043263CCBF000B9CDF0 /* Frameworks */ = {
			isa = PBXFrameworksBuildPhase;
			buildActionMask = 2147483647;
			files = (
				6187434E263D137200B9CDF0 /* libStocksDataModule.a in Frameworks */,
				30351A91217E4E1E40491522 /* Pods_CashAppStocks.framework in Frameworks */,
			);
			runOnlyForDeploymentPostprocessing = 0;
		};
		61874059263CCC0500B9CDF0 /* Frameworks */ = {
			isa = PBXFrameworksBuildPhase;
			buildActionMask = 2147483647;
			files = (
				6187430C263D071F00B9CDF0 /* libStocksDataModule.a in Frameworks */,
				1AC6CAF3011B1D5BA5204D25 /* Pods_CashAppStocksTests.framework in Frameworks */,
			);
			runOnlyForDeploymentPostprocessing = 0;
		};
		6187407D263CD4B300B9CDF0 /* Frameworks */ = {
			isa = PBXFrameworksBuildPhase;
			buildActionMask = 2147483647;
			files = (
				789F480392EBDE928887A21E /* Pods_StocksDataModule.framework in Frameworks */,
			);
			runOnlyForDeploymentPostprocessing = 0;
		};
		6187408C263CD4E800B9CDF0 /* Frameworks */ = {
			isa = PBXFrameworksBuildPhase;
			buildActionMask = 2147483647;
			files = (
				1BBCB4B6C0D8F8BFCC6CE58D /* Pods_StocksDomainModule.framework in Frameworks */,
			);
			runOnlyForDeploymentPostprocessing = 0;
		};
/* End PBXFrameworksBuildPhase section */

/* Begin PBXGroup section */
		3B90A76EEC1D423C6F52988F /* Frameworks */ = {
			isa = PBXGroup;
			children = (
				9717348B3FE938C13060A89E /* Pods_CashAppStocks.framework */,
				1E3F5603FF8532D9C339AC9F /* Pods_CashAppStocksTests.framework */,
				71395CE90CC6C46E7EA86F95 /* Pods_StocksDataModule.framework */,
				21784F8D8A5D0466DBA5DBB5 /* Pods_StocksDomainModule.framework */,
				D337753561F1CA59C89068D8 /* Pods_DataTest.framework */,
			);
			name = Frameworks;
			sourceTree = "<group>";
		};
		6187403D263CCBF000B9CDF0 = {
			isa = PBXGroup;
			children = (
				61874048263CCBF000B9CDF0 /* CashAppStocks */,
				6187405F263CCC0500B9CDF0 /* CashAppStocksTests */,
				61874081263CD4B300B9CDF0 /* StocksDataModule */,
				61874090263CD4E800B9CDF0 /* StocksDomainModule */,
				61874047263CCBF000B9CDF0 /* Products */,
				CB15A1028CC7C6F02BA49421 /* Pods */,
				3B90A76EEC1D423C6F52988F /* Frameworks */,
			);
			sourceTree = "<group>";
		};
		61874047263CCBF000B9CDF0 /* Products */ = {
			isa = PBXGroup;
			children = (
				61874046263CCBF000B9CDF0 /* CashAppStocks.app */,
				6187405C263CCC0500B9CDF0 /* CashAppStocksTests.xctest */,
				61874080263CD4B300B9CDF0 /* libStocksDataModule.a */,
				6187408F263CD4E800B9CDF0 /* libStocksDomainModule.a */,
			);
			name = Products;
			sourceTree = "<group>";
		};
		61874048263CCBF000B9CDF0 /* CashAppStocks */ = {
			isa = PBXGroup;
			children = (
				61874313263D078B00B9CDF0 /* view */,
				61874312263D078300B9CDF0 /* model */,
				61874311263D077600B9CDF0 /* viewmodel */,
				61874049263CCBF000B9CDF0 /* AppDelegate.swift */,
				6187404B263CCBF000B9CDF0 /* SceneDelegate.swift */,
				61874052263CCC0500B9CDF0 /* Assets.xcassets */,
				61874054263CCC0500B9CDF0 /* LaunchScreen.storyboard */,
				61874057263CCC0500B9CDF0 /* Info.plist */,
			);
			path = CashAppStocks;
			sourceTree = "<group>";
		};
		6187405F263CCC0500B9CDF0 /* CashAppStocksTests */ = {
			isa = PBXGroup;
			children = (
				61874060263CCC0500B9CDF0 /* CashAppStocksTests.swift */,
				61874062263CCC0500B9CDF0 /* Info.plist */,
			);
			path = CashAppStocksTests;
			sourceTree = "<group>";
		};
		61874081263CD4B300B9CDF0 /* StocksDataModule */ = {
			isa = PBXGroup;
			children = (
				6187410A263CE95700B9CDF0 /* network */,
				618740FD263CDF1300B9CDF0 /* model */,
				618740FC263CDF0C00B9CDF0 /* repository */,
			);
			path = StocksDataModule;
			sourceTree = "<group>";
		};
		61874090263CD4E800B9CDF0 /* StocksDomainModule */ = {
			isa = PBXGroup;
			children = (
				618740D8263CD91E00B9CDF0 /* repository */,
				618740AC263CD61500B9CDF0 /* usecase */,
				618740A4263CD5CA00B9CDF0 /* model */,
			);
			path = StocksDomainModule;
			sourceTree = "<group>";
		};
		618740A4263CD5CA00B9CDF0 /* model */ = {
			isa = PBXGroup;
			children = (
				6187409B263CD5A900B9CDF0 /* Stock.swift */,
			);
			path = model;
			sourceTree = "<group>";
		};
		618740AC263CD61500B9CDF0 /* usecase */ = {
			isa = PBXGroup;
			children = (
				618740AD263CD62A00B9CDF0 /* StockUseCase.swift */,
			);
			path = usecase;
			sourceTree = "<group>";
		};
		618740D8263CD91E00B9CDF0 /* repository */ = {
			isa = PBXGroup;
			children = (
				618740D9263CD92E00B9CDF0 /* StockRepository.swift */,
			);
			path = repository;
			sourceTree = "<group>";
		};
		618740FC263CDF0C00B9CDF0 /* repository */ = {
			isa = PBXGroup;
			children = (
				6187410B263CE96A00B9CDF0 /* RemoteDataSource.swift */,
				618740F4263CDE7500B9CDF0 /* DataStockRepository.swift */,
			);
			path = repository;
			sourceTree = "<group>";
		};
		618740FD263CDF1300B9CDF0 /* model */ = {
			isa = PBXGroup;
			children = (
			);
			path = model;
			sourceTree = "<group>";
		};
		6187410A263CE95700B9CDF0 /* network */ = {
			isa = PBXGroup;
			children = (
				6187411E263CEA8A00B9CDF0 /* APIEndpoint.swift */,
				61874103263CE06100B9CDF0 /* APIClient.swift */,
				61874131263CEC6500B9CDF0 /* URL+Stocks.swift */,
				61874195263CF6DF00B9CDF0 /* DataError.swift */,
			);
			path = network;
			sourceTree = "<group>";
		};
		61874311263D077600B9CDF0 /* viewmodel */ = {
			isa = PBXGroup;
			children = (
				61874314263D07A500B9CDF0 /* StocksViewModel.swift */,
				61874324263D088700B9CDF0 /* ViewModel.swift */,
			);
			path = viewmodel;
			sourceTree = "<group>";
		};
		61874312263D078300B9CDF0 /* model */ = {
			isa = PBXGroup;
			children = (
				6187431E263D083800B9CDF0 /* UIState.swift */,
			);
			path = model;
			sourceTree = "<group>";
		};
		61874313263D078B00B9CDF0 /* view */ = {
			isa = PBXGroup;
			children = (
				6187404F263CCBF000B9CDF0 /* Main.storyboard */,
				6187404D263CCBF000B9CDF0 /* ViewController.swift */,
			);
			path = view;
			sourceTree = "<group>";
		};
		CB15A1028CC7C6F02BA49421 /* Pods */ = {
			isa = PBXGroup;
			children = (
				14F7E8C13A7B9B789B6FE570 /* Pods-CashAppStocks.debug.xcconfig */,
				F074D37A1D445ABA99AAB266 /* Pods-CashAppStocks.release.xcconfig */,
				E037F32C0D9A8A4CC9B71472 /* Pods-CashAppStocksTests.debug.xcconfig */,
				5B76CD322A6D5F20BC972373 /* Pods-CashAppStocksTests.release.xcconfig */,
				395D809AC7694CA281D52C65 /* Pods-StocksDataModule.debug.xcconfig */,
				2EDB30EAD9D6DFF264EA0C2B /* Pods-StocksDataModule.release.xcconfig */,
				6715E11C51A4A77A2A459D56 /* Pods-StocksDomainModule.debug.xcconfig */,
				F74B756EBD679E3F0F7593B9 /* Pods-StocksDomainModule.release.xcconfig */,
				95B41AF3889E9E2163A925A3 /* Pods-DataTest.debug.xcconfig */,
				8D457DFC5461C866B5381990 /* Pods-DataTest.release.xcconfig */,
			);
			path = Pods;
			sourceTree = "<group>";
		};
/* End PBXGroup section */

/* Begin PBXNativeTarget section */
		61874045263CCBF000B9CDF0 /* CashAppStocks */ = {
			isa = PBXNativeTarget;
			buildConfigurationList = 61874070263CCC0500B9CDF0 /* Build configuration list for PBXNativeTarget "CashAppStocks" */;
			buildPhases = (
				1200E2A82C0D25656493DB93 /* [CP] Check Pods Manifest.lock */,
				61874042263CCBF000B9CDF0 /* Sources */,
				61874043263CCBF000B9CDF0 /* Frameworks */,
				61874044263CCBF000B9CDF0 /* Resources */,
				E3641439ADE5F3073D739694 /* [CP] Embed Pods Frameworks */,
			);
			buildRules = (
			);
			dependencies = (
			);
			name = CashAppStocks;
			productName = CashAppStocks;
			productReference = 61874046263CCBF000B9CDF0 /* CashAppStocks.app */;
			productType = "com.apple.product-type.application";
		};
		6187405B263CCC0500B9CDF0 /* CashAppStocksTests */ = {
			isa = PBXNativeTarget;
			buildConfigurationList = 61874073263CCC0500B9CDF0 /* Build configuration list for PBXNativeTarget "CashAppStocksTests" */;
			buildPhases = (
				CE8F679BD25A27785FBFFE04 /* [CP] Check Pods Manifest.lock */,
				61874058263CCC0500B9CDF0 /* Sources */,
				61874059263CCC0500B9CDF0 /* Frameworks */,
				6187405A263CCC0500B9CDF0 /* Resources */,
				1890A028F3F05918254161D2 /* [CP] Embed Pods Frameworks */,
			);
			buildRules = (
			);
			dependencies = (
				6187405E263CCC0500B9CDF0 /* PBXTargetDependency */,
			);
			name = CashAppStocksTests;
			productName = CashAppStocksTests;
			productReference = 6187405C263CCC0500B9CDF0 /* CashAppStocksTests.xctest */;
			productType = "com.apple.product-type.bundle.unit-test";
		};
		6187407F263CD4B300B9CDF0 /* StocksDataModule */ = {
			isa = PBXNativeTarget;
			buildConfigurationList = 61874084263CD4B300B9CDF0 /* Build configuration list for PBXNativeTarget "StocksDataModule" */;
			buildPhases = (
				AFD10193D3A3A4EADF4FD5F5 /* [CP] Check Pods Manifest.lock */,
				6187407C263CD4B300B9CDF0 /* Sources */,
				6187407D263CD4B300B9CDF0 /* Frameworks */,
				6187407E263CD4B300B9CDF0 /* CopyFiles */,
			);
			buildRules = (
			);
			dependencies = (
			);
			name = StocksDataModule;
			productName = StocksDataModule;
			productReference = 61874080263CD4B300B9CDF0 /* libStocksDataModule.a */;
			productType = "com.apple.product-type.library.static";
		};
		6187408E263CD4E800B9CDF0 /* StocksDomainModule */ = {
			isa = PBXNativeTarget;
			buildConfigurationList = 61874093263CD4E800B9CDF0 /* Build configuration list for PBXNativeTarget "StocksDomainModule" */;
			buildPhases = (
				DC24558EE69B02ACB1579352 /* [CP] Check Pods Manifest.lock */,
				6187408B263CD4E800B9CDF0 /* Sources */,
				6187408C263CD4E800B9CDF0 /* Frameworks */,
				6187408D263CD4E800B9CDF0 /* CopyFiles */,
			);
			buildRules = (
			);
			dependencies = (
			);
			name = StocksDomainModule;
			productName = StocksDomainModule;
			productReference = 6187408F263CD4E800B9CDF0 /* libStocksDomainModule.a */;
			productType = "com.apple.product-type.library.static";
		};
/* End PBXNativeTarget section */

/* Begin PBXProject section */
		6187403E263CCBF000B9CDF0 /* Project object */ = {
			isa = PBXProject;
			attributes = {
				LastSwiftUpdateCheck = 1240;
				LastUpgradeCheck = 1240;
				TargetAttributes = {
					61874045263CCBF000B9CDF0 = {
						CreatedOnToolsVersion = 12.4;
					};
					6187405B263CCC0500B9CDF0 = {
						CreatedOnToolsVersion = 12.4;
						TestTargetID = 61874045263CCBF000B9CDF0;
					};
					6187407F263CD4B300B9CDF0 = {
						CreatedOnToolsVersion = 12.4;
					};
					6187408E263CD4E800B9CDF0 = {
						CreatedOnToolsVersion = 12.4;
					};
				};
			};
			buildConfigurationList = 61874041263CCBF000B9CDF0 /* Build configuration list for PBXProject "CashAppStocks" */;
			compatibilityVersion = "Xcode 9.3";
			developmentRegion = en;
			hasScannedForEncodings = 0;
			knownRegions = (
				en,
				Base,
			);
			mainGroup = 6187403D263CCBF000B9CDF0;
			productRefGroup = 61874047263CCBF000B9CDF0 /* Products */;
			projectDirPath = "";
			projectRoot = "";
			targets = (
				61874045263CCBF000B9CDF0 /* CashAppStocks */,
				6187405B263CCC0500B9CDF0 /* CashAppStocksTests */,
				6187407F263CD4B300B9CDF0 /* StocksDataModule */,
				6187408E263CD4E800B9CDF0 /* StocksDomainModule */,
			);
		};
/* End PBXProject section */

/* Begin PBXResourcesBuildPhase section */
		61874044263CCBF000B9CDF0 /* Resources */ = {
			isa = PBXResourcesBuildPhase;
			buildActionMask = 2147483647;
			files = (
				61874056263CCC0500B9CDF0 /* LaunchScreen.storyboard in Resources */,
				61874053263CCC0500B9CDF0 /* Assets.xcassets in Resources */,
				61874051263CCBF000B9CDF0 /* Main.storyboard in Resources */,
			);
			runOnlyForDeploymentPostprocessing = 0;
		};
		6187405A263CCC0500B9CDF0 /* Resources */ = {
			isa = PBXResourcesBuildPhase;
			buildActionMask = 2147483647;
			files = (
			);
			runOnlyForDeploymentPostprocessing = 0;
		};
/* End PBXResourcesBuildPhase section */

/* Begin PBXShellScriptBuildPhase section */
		1200E2A82C0D25656493DB93 /* [CP] Check Pods Manifest.lock */ = {
			isa = PBXShellScriptBuildPhase;
			buildActionMask = 2147483647;
			files = (
			);
			inputFileListPaths = (
			);
			inputPaths = (
				"${PODS_PODFILE_DIR_PATH}/Podfile.lock",
				"${PODS_ROOT}/Manifest.lock",
			);
			name = "[CP] Check Pods Manifest.lock";
			outputFileListPaths = (
			);
			outputPaths = (
				"$(DERIVED_FILE_DIR)/Pods-CashAppStocks-checkManifestLockResult.txt",
			);
			runOnlyForDeploymentPostprocessing = 0;
			shellPath = /bin/sh;
			shellScript = "diff \"${PODS_PODFILE_DIR_PATH}/Podfile.lock\" \"${PODS_ROOT}/Manifest.lock\" > /dev/null\nif [ $? != 0 ] ; then\n    # print error to STDERR\n    echo \"error: The sandbox is not in sync with the Podfile.lock. Run 'pod install' or update your CocoaPods installation.\" >&2\n    exit 1\nfi\n# This output is used by Xcode 'outputs' to avoid re-running this script phase.\necho \"SUCCESS\" > \"${SCRIPT_OUTPUT_FILE_0}\"\n";
			showEnvVarsInLog = 0;
		};
		1890A028F3F05918254161D2 /* [CP] Embed Pods Frameworks */ = {
			isa = PBXShellScriptBuildPhase;
			buildActionMask = 2147483647;
			files = (
			);
			inputFileListPaths = (
				"${PODS_ROOT}/Target Support Files/Pods-CashAppStocksTests/Pods-CashAppStocksTests-frameworks-${CONFIGURATION}-input-files.xcfilelist",
			);
			name = "[CP] Embed Pods Frameworks";
			outputFileListPaths = (
				"${PODS_ROOT}/Target Support Files/Pods-CashAppStocksTests/Pods-CashAppStocksTests-frameworks-${CONFIGURATION}-output-files.xcfilelist",
			);
			runOnlyForDeploymentPostprocessing = 0;
			shellPath = /bin/sh;
			shellScript = "\"${PODS_ROOT}/Target Support Files/Pods-CashAppStocksTests/Pods-CashAppStocksTests-frameworks.sh\"\n";
			showEnvVarsInLog = 0;
		};
		AFD10193D3A3A4EADF4FD5F5 /* [CP] Check Pods Manifest.lock */ = {
			isa = PBXShellScriptBuildPhase;
			buildActionMask = 2147483647;
			files = (
			);
			inputFileListPaths = (
			);
			inputPaths = (
				"${PODS_PODFILE_DIR_PATH}/Podfile.lock",
				"${PODS_ROOT}/Manifest.lock",
			);
			name = "[CP] Check Pods Manifest.lock";
			outputFileListPaths = (
			);
			outputPaths = (
				"$(DERIVED_FILE_DIR)/Pods-StocksDataModule-checkManifestLockResult.txt",
			);
			runOnlyForDeploymentPostprocessing = 0;
			shellPath = /bin/sh;
			shellScript = "diff \"${PODS_PODFILE_DIR_PATH}/Podfile.lock\" \"${PODS_ROOT}/Manifest.lock\" > /dev/null\nif [ $? != 0 ] ; then\n    # print error to STDERR\n    echo \"error: The sandbox is not in sync with the Podfile.lock. Run 'pod install' or update your CocoaPods installation.\" >&2\n    exit 1\nfi\n# This output is used by Xcode 'outputs' to avoid re-running this script phase.\necho \"SUCCESS\" > \"${SCRIPT_OUTPUT_FILE_0}\"\n";
			showEnvVarsInLog = 0;
		};
		CE8F679BD25A27785FBFFE04 /* [CP] Check Pods Manifest.lock */ = {
			isa = PBXShellScriptBuildPhase;
			buildActionMask = 2147483647;
			files = (
			);
			inputFileListPaths = (
			);
			inputPaths = (
				"${PODS_PODFILE_DIR_PATH}/Podfile.lock",
				"${PODS_ROOT}/Manifest.lock",
			);
			name = "[CP] Check Pods Manifest.lock";
			outputFileListPaths = (
			);
			outputPaths = (
				"$(DERIVED_FILE_DIR)/Pods-CashAppStocksTests-checkManifestLockResult.txt",
			);
			runOnlyForDeploymentPostprocessing = 0;
			shellPath = /bin/sh;
			shellScript = "diff \"${PODS_PODFILE_DIR_PATH}/Podfile.lock\" \"${PODS_ROOT}/Manifest.lock\" > /dev/null\nif [ $? != 0 ] ; then\n    # print error to STDERR\n    echo \"error: The sandbox is not in sync with the Podfile.lock. Run 'pod install' or update your CocoaPods installation.\" >&2\n    exit 1\nfi\n# This output is used by Xcode 'outputs' to avoid re-running this script phase.\necho \"SUCCESS\" > \"${SCRIPT_OUTPUT_FILE_0}\"\n";
			showEnvVarsInLog = 0;
		};
		DC24558EE69B02ACB1579352 /* [CP] Check Pods Manifest.lock */ = {
			isa = PBXShellScriptBuildPhase;
			buildActionMask = 2147483647;
			files = (
			);
			inputFileListPaths = (
			);
			inputPaths = (
				"${PODS_PODFILE_DIR_PATH}/Podfile.lock",
				"${PODS_ROOT}/Manifest.lock",
			);
			name = "[CP] Check Pods Manifest.lock";
			outputFileListPaths = (
			);
			outputPaths = (
				"$(DERIVED_FILE_DIR)/Pods-StocksDomainModule-checkManifestLockResult.txt",
			);
			runOnlyForDeploymentPostprocessing = 0;
			shellPath = /bin/sh;
			shellScript = "diff \"${PODS_PODFILE_DIR_PATH}/Podfile.lock\" \"${PODS_ROOT}/Manifest.lock\" > /dev/null\nif [ $? != 0 ] ; then\n    # print error to STDERR\n    echo \"error: The sandbox is not in sync with the Podfile.lock. Run 'pod install' or update your CocoaPods installation.\" >&2\n    exit 1\nfi\n# This output is used by Xcode 'outputs' to avoid re-running this script phase.\necho \"SUCCESS\" > \"${SCRIPT_OUTPUT_FILE_0}\"\n";
			showEnvVarsInLog = 0;
		};
		E3641439ADE5F3073D739694 /* [CP] Embed Pods Frameworks */ = {
			isa = PBXShellScriptBuildPhase;
			buildActionMask = 2147483647;
			files = (
			);
			inputFileListPaths = (
				"${PODS_ROOT}/Target Support Files/Pods-CashAppStocks/Pods-CashAppStocks-frameworks-${CONFIGURATION}-input-files.xcfilelist",
			);
			name = "[CP] Embed Pods Frameworks";
			outputFileListPaths = (
				"${PODS_ROOT}/Target Support Files/Pods-CashAppStocks/Pods-CashAppStocks-frameworks-${CONFIGURATION}-output-files.xcfilelist",
			);
			runOnlyForDeploymentPostprocessing = 0;
			shellPath = /bin/sh;
			shellScript = "\"${PODS_ROOT}/Target Support Files/Pods-CashAppStocks/Pods-CashAppStocks-frameworks.sh\"\n";
			showEnvVarsInLog = 0;
		};
/* End PBXShellScriptBuildPhase section */

/* Begin PBXSourcesBuildPhase section */
		61874042263CCBF000B9CDF0 /* Sources */ = {
			isa = PBXSourcesBuildPhase;
			buildActionMask = 2147483647;
			files = (
				61874125263CEB8300B9CDF0 /* StockRepository.swift in Sources */,
				61874325263D088700B9CDF0 /* ViewModel.swift in Sources */,
				6187404E263CCBF000B9CDF0 /* ViewController.swift in Sources */,
				618740AE263CD62A00B9CDF0 /* StockUseCase.swift in Sources */,
				6187404A263CCBF000B9CDF0 /* AppDelegate.swift in Sources */,
				6187409C263CD5A900B9CDF0 /* Stock.swift in Sources */,
				618743E8263D18BE00B9CDF0 /* DataStockRepository.swift in Sources */,
				61874315263D07A500B9CDF0 /* StocksViewModel.swift in Sources */,
				6187404C263CCBF000B9CDF0 /* SceneDelegate.swift in Sources */,
				6187431F263D083800B9CDF0 /* UIState.swift in Sources */,
			);
			runOnlyForDeploymentPostprocessing = 0;
		};
		61874058263CCC0500B9CDF0 /* Sources */ = {
			isa = PBXSourcesBuildPhase;
			buildActionMask = 2147483647;
			files = (
				6187428B263D025500B9CDF0 /* Stock.swift in Sources */,
				61874061263CCC0500B9CDF0 /* CashAppStocksTests.swift in Sources */,
			);
			runOnlyForDeploymentPostprocessing = 0;
		};
		6187407C263CD4B300B9CDF0 /* Sources */ = {
			isa = PBXSourcesBuildPhase;
			buildActionMask = 2147483647;
			files = (
				61874196263CF6DF00B9CDF0 /* DataError.swift in Sources */,
				618742A2263D038200B9CDF0 /* CashAppStocksTests.swift in Sources */,
				6187411F263CEA8A00B9CDF0 /* APIEndpoint.swift in Sources */,
				618740F5263CDE7500B9CDF0 /* DataStockRepository.swift in Sources */,
				6187410C263CE96A00B9CDF0 /* RemoteDataSource.swift in Sources */,
				618740AF263CD62A00B9CDF0 /* StockUseCase.swift in Sources */,
				6187412B263CEB8700B9CDF0 /* StockRepository.swift in Sources */,
				6187409D263CD5A900B9CDF0 /* Stock.swift in Sources */,
				61874132263CEC6500B9CDF0 /* URL+Stocks.swift in Sources */,
				61874104263CE06100B9CDF0 /* APIClient.swift in Sources */,
			);
			runOnlyForDeploymentPostprocessing = 0;
		};
		6187408B263CD4E800B9CDF0 /* Sources */ = {
			isa = PBXSourcesBuildPhase;
			buildActionMask = 2147483647;
			files = (
				61874146263CEF2500B9CDF0 /* DataStockRepository.swift in Sources */,
				61874176263CF3F400B9CDF0 /* RemoteDataSource.swift in Sources */,
				6187409E263CD5A900B9CDF0 /* Stock.swift in Sources */,
				61874284263D023C00B9CDF0 /* CashAppStocksTests.swift in Sources */,
				618740B0263CD62A00B9CDF0 /* StockUseCase.swift in Sources */,
				618740DA263CD92E00B9CDF0 /* StockRepository.swift in Sources */,
			);
			runOnlyForDeploymentPostprocessing = 0;
		};
/* End PBXSourcesBuildPhase section */

/* Begin PBXTargetDependency section */
		6187405E263CCC0500B9CDF0 /* PBXTargetDependency */ = {
			isa = PBXTargetDependency;
			target = 61874045263CCBF000B9CDF0 /* CashAppStocks */;
			targetProxy = 6187405D263CCC0500B9CDF0 /* PBXContainerItemProxy */;
		};
/* End PBXTargetDependency section */

/* Begin PBXVariantGroup section */
		6187404F263CCBF000B9CDF0 /* Main.storyboard */ = {
			isa = PBXVariantGroup;
			children = (
				61874050263CCBF000B9CDF0 /* Base */,
			);
			name = Main.storyboard;
			sourceTree = "<group>";
		};
		61874054263CCC0500B9CDF0 /* LaunchScreen.storyboard */ = {
			isa = PBXVariantGroup;
			children = (
				61874055263CCC0500B9CDF0 /* Base */,
			);
			name = LaunchScreen.storyboard;
			sourceTree = "<group>";
		};
/* End PBXVariantGroup section */

/* Begin XCBuildConfiguration section */
		6187406E263CCC0500B9CDF0 /* Debug */ = {
			isa = XCBuildConfiguration;
			buildSettings = {
				ALWAYS_SEARCH_USER_PATHS = NO;
				CLANG_ANALYZER_NONNULL = YES;
				CLANG_ANALYZER_NUMBER_OBJECT_CONVERSION = YES_AGGRESSIVE;
				CLANG_CXX_LANGUAGE_STANDARD = "gnu++14";
				CLANG_CXX_LIBRARY = "libc++";
				CLANG_ENABLE_MODULES = YES;
				CLANG_ENABLE_OBJC_ARC = YES;
				CLANG_ENABLE_OBJC_WEAK = YES;
				CLANG_WARN_BLOCK_CAPTURE_AUTORELEASING = YES;
				CLANG_WARN_BOOL_CONVERSION = YES;
				CLANG_WARN_COMMA = YES;
				CLANG_WARN_CONSTANT_CONVERSION = YES;
				CLANG_WARN_DEPRECATED_OBJC_IMPLEMENTATIONS = YES;
				CLANG_WARN_DIRECT_OBJC_ISA_USAGE = YES_ERROR;
				CLANG_WARN_DOCUMENTATION_COMMENTS = YES;
				CLANG_WARN_EMPTY_BODY = YES;
				CLANG_WARN_ENUM_CONVERSION = YES;
				CLANG_WARN_INFINITE_RECURSION = YES;
				CLANG_WARN_INT_CONVERSION = YES;
				CLANG_WARN_NON_LITERAL_NULL_CONVERSION = YES;
				CLANG_WARN_OBJC_IMPLICIT_RETAIN_SELF = YES;
				CLANG_WARN_OBJC_LITERAL_CONVERSION = YES;
				CLANG_WARN_OBJC_ROOT_CLASS = YES_ERROR;
				CLANG_WARN_QUOTED_INCLUDE_IN_FRAMEWORK_HEADER = YES;
				CLANG_WARN_RANGE_LOOP_ANALYSIS = YES;
				CLANG_WARN_STRICT_PROTOTYPES = YES;
				CLANG_WARN_SUSPICIOUS_MOVE = YES;
				CLANG_WARN_UNGUARDED_AVAILABILITY = YES_AGGRESSIVE;
				CLANG_WARN_UNREACHABLE_CODE = YES;
				CLANG_WARN__DUPLICATE_METHOD_MATCH = YES;
				COPY_PHASE_STRIP = NO;
				DEBUG_INFORMATION_FORMAT = dwarf;
				ENABLE_STRICT_OBJC_MSGSEND = YES;
				ENABLE_TESTABILITY = YES;
				GCC_C_LANGUAGE_STANDARD = gnu11;
				GCC_DYNAMIC_NO_PIC = NO;
				GCC_NO_COMMON_BLOCKS = YES;
				GCC_OPTIMIZATION_LEVEL = 0;
				GCC_PREPROCESSOR_DEFINITIONS = (
					"DEBUG=1",
					"$(inherited)",
				);
				GCC_WARN_64_TO_32_BIT_CONVERSION = YES;
				GCC_WARN_ABOUT_RETURN_TYPE = YES_ERROR;
				GCC_WARN_UNDECLARED_SELECTOR = YES;
				GCC_WARN_UNINITIALIZED_AUTOS = YES_AGGRESSIVE;
				GCC_WARN_UNUSED_FUNCTION = YES;
				GCC_WARN_UNUSED_VARIABLE = YES;
				IPHONEOS_DEPLOYMENT_TARGET = 14.4;
				MTL_ENABLE_DEBUG_INFO = INCLUDE_SOURCE;
				MTL_FAST_MATH = YES;
				ONLY_ACTIVE_ARCH = YES;
				SDKROOT = iphoneos;
				SWIFT_ACTIVE_COMPILATION_CONDITIONS = DEBUG;
				SWIFT_OPTIMIZATION_LEVEL = "-Onone";
			};
			name = Debug;
		};
		6187406F263CCC0500B9CDF0 /* Release */ = {
			isa = XCBuildConfiguration;
			buildSettings = {
				ALWAYS_SEARCH_USER_PATHS = NO;
				CLANG_ANALYZER_NONNULL = YES;
				CLANG_ANALYZER_NUMBER_OBJECT_CONVERSION = YES_AGGRESSIVE;
				CLANG_CXX_LANGUAGE_STANDARD = "gnu++14";
				CLANG_CXX_LIBRARY = "libc++";
				CLANG_ENABLE_MODULES = YES;
				CLANG_ENABLE_OBJC_ARC = YES;
				CLANG_ENABLE_OBJC_WEAK = YES;
				CLANG_WARN_BLOCK_CAPTURE_AUTORELEASING = YES;
				CLANG_WARN_BOOL_CONVERSION = YES;
				CLANG_WARN_COMMA = YES;
				CLANG_WARN_CONSTANT_CONVERSION = YES;
				CLANG_WARN_DEPRECATED_OBJC_IMPLEMENTATIONS = YES;
				CLANG_WARN_DIRECT_OBJC_ISA_USAGE = YES_ERROR;
				CLANG_WARN_DOCUMENTATION_COMMENTS = YES;
				CLANG_WARN_EMPTY_BODY = YES;
				CLANG_WARN_ENUM_CONVERSION = YES;
				CLANG_WARN_INFINITE_RECURSION = YES;
				CLANG_WARN_INT_CONVERSION = YES;
				CLANG_WARN_NON_LITERAL_NULL_CONVERSION = YES;
				CLANG_WARN_OBJC_IMPLICIT_RETAIN_SELF = YES;
				CLANG_WARN_OBJC_LITERAL_CONVERSION = YES;
				CLANG_WARN_OBJC_ROOT_CLASS = YES_ERROR;
				CLANG_WARN_QUOTED_INCLUDE_IN_FRAMEWORK_HEADER = YES;
				CLANG_WARN_RANGE_LOOP_ANALYSIS = YES;
				CLANG_WARN_STRICT_PROTOTYPES = YES;
				CLANG_WARN_SUSPICIOUS_MOVE = YES;
				CLANG_WARN_UNGUARDED_AVAILABILITY = YES_AGGRESSIVE;
				CLANG_WARN_UNREACHABLE_CODE = YES;
				CLANG_WARN__DUPLICATE_METHOD_MATCH = YES;
				COPY_PHASE_STRIP = NO;
				DEBUG_INFORMATION_FORMAT = "dwarf-with-dsym";
				ENABLE_NS_ASSERTIONS = NO;
				ENABLE_STRICT_OBJC_MSGSEND = YES;
				GCC_C_LANGUAGE_STANDARD = gnu11;
				GCC_NO_COMMON_BLOCKS = YES;
				GCC_WARN_64_TO_32_BIT_CONVERSION = YES;
				GCC_WARN_ABOUT_RETURN_TYPE = YES_ERROR;
				GCC_WARN_UNDECLARED_SELECTOR = YES;
				GCC_WARN_UNINITIALIZED_AUTOS = YES_AGGRESSIVE;
				GCC_WARN_UNUSED_FUNCTION = YES;
				GCC_WARN_UNUSED_VARIABLE = YES;
				IPHONEOS_DEPLOYMENT_TARGET = 14.4;
				MTL_ENABLE_DEBUG_INFO = NO;
				MTL_FAST_MATH = YES;
				SDKROOT = iphoneos;
				SWIFT_COMPILATION_MODE = wholemodule;
				SWIFT_OPTIMIZATION_LEVEL = "-O";
				VALIDATE_PRODUCT = YES;
			};
			name = Release;
		};
		61874071263CCC0500B9CDF0 /* Debug */ = {
			isa = XCBuildConfiguration;
			baseConfigurationReference = 14F7E8C13A7B9B789B6FE570 /* Pods-CashAppStocks.debug.xcconfig */;
			buildSettings = {
				ASSETCATALOG_COMPILER_APPICON_NAME = AppIcon;
				ASSETCATALOG_COMPILER_GLOBAL_ACCENT_COLOR_NAME = AccentColor;
				CODE_SIGN_STYLE = Automatic;
				DEVELOPMENT_TEAM = 487Q4488BH;
				INFOPLIST_FILE = CashAppStocks/Info.plist;
				LD_RUNPATH_SEARCH_PATHS = (
					"$(inherited)",
					"@executable_path/Frameworks",
				);
				PRODUCT_BUNDLE_IDENTIFIER = com.stocks.CashAppStocks;
				PRODUCT_NAME = "$(TARGET_NAME)";
				SWIFT_VERSION = 5.0;
				TARGETED_DEVICE_FAMILY = "1,2";
			};
			name = Debug;
		};
		61874072263CCC0500B9CDF0 /* Release */ = {
			isa = XCBuildConfiguration;
			baseConfigurationReference = F074D37A1D445ABA99AAB266 /* Pods-CashAppStocks.release.xcconfig */;
			buildSettings = {
				ASSETCATALOG_COMPILER_APPICON_NAME = AppIcon;
				ASSETCATALOG_COMPILER_GLOBAL_ACCENT_COLOR_NAME = AccentColor;
				CODE_SIGN_STYLE = Automatic;
				DEVELOPMENT_TEAM = 487Q4488BH;
				INFOPLIST_FILE = CashAppStocks/Info.plist;
				LD_RUNPATH_SEARCH_PATHS = (
					"$(inherited)",
					"@executable_path/Frameworks",
				);
				PRODUCT_BUNDLE_IDENTIFIER = com.stocks.CashAppStocks;
				PRODUCT_NAME = "$(TARGET_NAME)";
				SWIFT_VERSION = 5.0;
				TARGETED_DEVICE_FAMILY = "1,2";
			};
			name = Release;
		};
		61874074263CCC0500B9CDF0 /* Debug */ = {
			isa = XCBuildConfiguration;
			baseConfigurationReference = E037F32C0D9A8A4CC9B71472 /* Pods-CashAppStocksTests.debug.xcconfig */;
			buildSettings = {
				ALWAYS_EMBED_SWIFT_STANDARD_LIBRARIES = YES;
				BUNDLE_LOADER = "$(TEST_HOST)";
				CODE_SIGN_STYLE = Automatic;
				INFOPLIST_FILE = CashAppStocksTests/Info.plist;
				IPHONEOS_DEPLOYMENT_TARGET = 14.4;
				LD_RUNPATH_SEARCH_PATHS = (
					"$(inherited)",
					"@executable_path/Frameworks",
					"@loader_path/Frameworks",
				);
				PRODUCT_BUNDLE_IDENTIFIER = com.stocks.CashAppStocksTests;
				PRODUCT_NAME = "$(TARGET_NAME)";
				SWIFT_VERSION = 5.0;
				TARGETED_DEVICE_FAMILY = "1,2";
				TEST_HOST = "$(BUILT_PRODUCTS_DIR)/CashAppStocks.app/CashAppStocks";
			};
			name = Debug;
		};
		61874075263CCC0500B9CDF0 /* Release */ = {
			isa = XCBuildConfiguration;
			baseConfigurationReference = 5B76CD322A6D5F20BC972373 /* Pods-CashAppStocksTests.release.xcconfig */;
			buildSettings = {
				ALWAYS_EMBED_SWIFT_STANDARD_LIBRARIES = YES;
				BUNDLE_LOADER = "$(TEST_HOST)";
				CODE_SIGN_STYLE = Automatic;
				INFOPLIST_FILE = CashAppStocksTests/Info.plist;
				IPHONEOS_DEPLOYMENT_TARGET = 14.4;
				LD_RUNPATH_SEARCH_PATHS = (
					"$(inherited)",
					"@executable_path/Frameworks",
					"@loader_path/Frameworks",
				);
				PRODUCT_BUNDLE_IDENTIFIER = com.stocks.CashAppStocksTests;
				PRODUCT_NAME = "$(TARGET_NAME)";
				SWIFT_VERSION = 5.0;
				TARGETED_DEVICE_FAMILY = "1,2";
				TEST_HOST = "$(BUILT_PRODUCTS_DIR)/CashAppStocks.app/CashAppStocks";
			};
			name = Release;
		};
		61874085263CD4B300B9CDF0 /* Debug */ = {
			isa = XCBuildConfiguration;
			baseConfigurationReference = 395D809AC7694CA281D52C65 /* Pods-StocksDataModule.debug.xcconfig */;
			buildSettings = {
				CODE_SIGN_STYLE = Automatic;
				DEVELOPMENT_TEAM = 487Q4488BH;
				OTHER_LDFLAGS = "-ObjC";
				PRODUCT_NAME = "$(TARGET_NAME)";
				SKIP_INSTALL = YES;
				SWIFT_VERSION = 5.0;
				TARGETED_DEVICE_FAMILY = "1,2";
			};
			name = Debug;
		};
		61874086263CD4B300B9CDF0 /* Release */ = {
			isa = XCBuildConfiguration;
			baseConfigurationReference = 2EDB30EAD9D6DFF264EA0C2B /* Pods-StocksDataModule.release.xcconfig */;
			buildSettings = {
				CODE_SIGN_STYLE = Automatic;
				DEVELOPMENT_TEAM = 487Q4488BH;
				OTHER_LDFLAGS = "-ObjC";
				PRODUCT_NAME = "$(TARGET_NAME)";
				SKIP_INSTALL = YES;
				SWIFT_VERSION = 5.0;
				TARGETED_DEVICE_FAMILY = "1,2";
			};
			name = Release;
		};
		61874094263CD4E800B9CDF0 /* Debug */ = {
			isa = XCBuildConfiguration;
			baseConfigurationReference = 6715E11C51A4A77A2A459D56 /* Pods-StocksDomainModule.debug.xcconfig */;
			buildSettings = {
				CODE_SIGN_STYLE = Automatic;
				DEVELOPMENT_TEAM = 487Q4488BH;
				OTHER_LDFLAGS = "-ObjC";
				PRODUCT_NAME = "$(TARGET_NAME)";
				SKIP_INSTALL = YES;
				SWIFT_VERSION = 5.0;
				TARGETED_DEVICE_FAMILY = "1,2";
			};
			name = Debug;
		};
		61874095263CD4E800B9CDF0 /* Release */ = {
			isa = XCBuildConfiguration;
			baseConfigurationReference = F74B756EBD679E3F0F7593B9 /* Pods-StocksDomainModule.release.xcconfig */;
			buildSettings = {
				CODE_SIGN_STYLE = Automatic;
				DEVELOPMENT_TEAM = 487Q4488BH;
				OTHER_LDFLAGS = "-ObjC";
				PRODUCT_NAME = "$(TARGET_NAME)";
				SKIP_INSTALL = YES;
				SWIFT_VERSION = 5.0;
				TARGETED_DEVICE_FAMILY = "1,2";
			};
			name = Release;
		};
/* End XCBuildConfiguration section */

/* Begin XCConfigurationList section */
		61874041263CCBF000B9CDF0 /* Build configuration list for PBXProject "CashAppStocks" */ = {
			isa = XCConfigurationList;
			buildConfigurations = (
				6187406E263CCC0500B9CDF0 /* Debug */,
				6187406F263CCC0500B9CDF0 /* Release */,
			);
			defaultConfigurationIsVisible = 0;
			defaultConfigurationName = Release;
		};
		61874070263CCC0500B9CDF0 /* Build configuration list for PBXNativeTarget "CashAppStocks" */ = {
			isa = XCConfigurationList;
			buildConfigurations = (
				61874071263CCC0500B9CDF0 /* Debug */,
				61874072263CCC0500B9CDF0 /* Release */,
			);
			defaultConfigurationIsVisible = 0;
			defaultConfigurationName = Release;
		};
		61874073263CCC0500B9CDF0 /* Build configuration list for PBXNativeTarget "CashAppStocksTests" */ = {
			isa = XCConfigurationList;
			buildConfigurations = (
				61874074263CCC0500B9CDF0 /* Debug */,
				61874075263CCC0500B9CDF0 /* Release */,
			);
			defaultConfigurationIsVisible = 0;
			defaultConfigurationName = Release;
		};
		61874084263CD4B300B9CDF0 /* Build configuration list for PBXNativeTarget "StocksDataModule" */ = {
			isa = XCConfigurationList;
			buildConfigurations = (
				61874085263CD4B300B9CDF0 /* Debug */,
				61874086263CD4B300B9CDF0 /* Release */,
			);
			defaultConfigurationIsVisible = 0;
			defaultConfigurationName = Release;
		};
		61874093263CD4E800B9CDF0 /* Build configuration list for PBXNativeTarget "StocksDomainModule" */ = {
			isa = XCConfigurationList;
			buildConfigurations = (
				61874094263CD4E800B9CDF0 /* Debug */,
				61874095263CD4E800B9CDF0 /* Release */,
			);
			defaultConfigurationIsVisible = 0;
			defaultConfigurationName = Release;
		};
/* End XCConfigurationList section */
	};
	rootObject = 6187403E263CCBF000B9CDF0 /* Project object */;
}
